// !$*UTF8*$!
{
	archiveVersion = 1;
	classes = {
	};
	objectVersion = 55;
	objects = {

/* Begin PBXBuildFile section */
		09ABF45A2885F4F400462F9E /* FirebaseAuth in Frameworks */ = {isa = PBXBuildFile; productRef = 09ABF4592885F4F400462F9E /* FirebaseAuth */; };
		09ABF45C2885F4F400462F9E /* FirebaseDatabase in Frameworks */ = {isa = PBXBuildFile; productRef = 09ABF45B2885F4F400462F9E /* FirebaseDatabase */; };
		09ABF45E2885F4F400462F9E /* FirebaseDatabaseSwift in Frameworks */ = {isa = PBXBuildFile; productRef = 09ABF45D2885F4F400462F9E /* FirebaseDatabaseSwift */; };
		09ABF4602885F4F400462F9E /* FirebaseFirestore in Frameworks */ = {isa = PBXBuildFile; productRef = 09ABF45F2885F4F400462F9E /* FirebaseFirestore */; };
		09ABF4652885F76900462F9E /* GoogleService-Info.plist in Resources */ = {isa = PBXBuildFile; fileRef = 09ABF4642885F76900462F9E /* GoogleService-Info.plist */; };
		09ABF4672885F85F00462F9E /* Utility.swift in Sources */ = {isa = PBXBuildFile; fileRef = 09ABF4662885F85F00462F9E /* Utility.swift */; };
		09ABF4692885FC7000462F9E /* DataManager.swift in Sources */ = {isa = PBXBuildFile; fileRef = 09ABF4682885FC7000462F9E /* DataManager.swift */; };
		09B307B72887F4CF00976C40 /* CardStore.swift in Sources */ = {isa = PBXBuildFile; fileRef = 09B307B62887F4CF00976C40 /* CardStore.swift */; };
		09B307B92887F4E000976C40 /* Card.swift in Sources */ = {isa = PBXBuildFile; fileRef = 09B307B82887F4DF00976C40 /* Card.swift */; };
		09B307BB2887F56100976C40 /* ContentView.swift in Sources */ = {isa = PBXBuildFile; fileRef = 09B307BA2887F56100976C40 /* ContentView.swift */; };
		09B307BE2888032700976C40 /* HealthKit.framework in Frameworks */ = {isa = PBXBuildFile; fileRef = 09B307BD2888032700976C40 /* HealthKit.framework */; };
		09B307C42888050700976C40 /* Step.swift in Sources */ = {isa = PBXBuildFile; fileRef = 09B307C32888050700976C40 /* Step.swift */; };
		09B307C62888055B00976C40 /* HealthStore.swift in Sources */ = {isa = PBXBuildFile; fileRef = 09B307C52888055B00976C40 /* HealthStore.swift */; };
		09C0C62E2886C5250054F23D /* User.swift in Sources */ = {isa = PBXBuildFile; fileRef = 09C0C62D2886C5240054F23D /* User.swift */; };
		09CA2A6C2882D52A0074A9B5 /* SignUpView.swift in Sources */ = {isa = PBXBuildFile; fileRef = 09CA2A6B2882D52A0074A9B5 /* SignUpView.swift */; };
		7AA5912B28800E980027CB76 /* DailyChallangeApp.swift in Sources */ = {isa = PBXBuildFile; fileRef = 7AA5912A28800E980027CB76 /* DailyChallangeApp.swift */; };
		7AA5912F28800E990027CB76 /* Assets.xcassets in Resources */ = {isa = PBXBuildFile; fileRef = 7AA5912E28800E990027CB76 /* Assets.xcassets */; };
		7AA5913228800E990027CB76 /* Preview Assets.xcassets in Resources */ = {isa = PBXBuildFile; fileRef = 7AA5913128800E990027CB76 /* Preview Assets.xcassets */; };
		7AA5913C28800E9A0027CB76 /* DailyChallangeTests.swift in Sources */ = {isa = PBXBuildFile; fileRef = 7AA5913B28800E9A0027CB76 /* DailyChallangeTests.swift */; };
		7AA5914628800E9A0027CB76 /* DailyChallangeUITests.swift in Sources */ = {isa = PBXBuildFile; fileRef = 7AA5914528800E9A0027CB76 /* DailyChallangeUITests.swift */; };
		7AA5914828800E9A0027CB76 /* DailyChallangeUITestsLaunchTests.swift in Sources */ = {isa = PBXBuildFile; fileRef = 7AA5914728800E9A0027CB76 /* DailyChallangeUITestsLaunchTests.swift */; };
		F30292D0288941050082817D /* Charts.framework in Frameworks */ = {isa = PBXBuildFile; fileRef = F30292CD288940F10082817D /* Charts.framework */; platformFilter = ios; };
		F30292D1288941050082817D /* Charts.framework in Embed Frameworks */ = {isa = PBXBuildFile; fileRef = F30292CD288940F10082817D /* Charts.framework */; settings = {ATTRIBUTES = (CodeSignOnCopy, RemoveHeadersOnCopy, ); }; };
		F32F29D528807D040036128F /* CardView.swift in Sources */ = {isa = PBXBuildFile; fileRef = F32F29D428807D040036128F /* CardView.swift */; };
		F33BD1712881682F00BD207E /* CustomTabBar.swift in Sources */ = {isa = PBXBuildFile; fileRef = F33BD1702881682F00BD207E /* CustomTabBar.swift */; };
		F38DD4F72881BC9500289C43 /* TabCurve.swift in Sources */ = {isa = PBXBuildFile; fileRef = F38DD4F62881BC9500289C43 /* TabCurve.swift */; };
		F38DD4F92881E6BA00289C43 /* WelcomeView.swift in Sources */ = {isa = PBXBuildFile; fileRef = F38DD4F82881E6BA00289C43 /* WelcomeView.swift */; };
		F3982CF22885679800240987 /* StatsView.swift in Sources */ = {isa = PBXBuildFile; fileRef = F3982CF12885679800240987 /* StatsView.swift */; };
		F3CD3ACB28830AB40037FF9E /* LoginView.swift in Sources */ = {isa = PBXBuildFile; fileRef = F3CD3ACA28830AB40037FF9E /* LoginView.swift */; };
		F3F8CADF28847EB800A89DBC /* ProfileView.swift in Sources */ = {isa = PBXBuildFile; fileRef = F3F8CADE28847EB800A89DBC /* ProfileView.swift */; };
		F3F994972885CA28001D2D59 /* PieChart.swift in Sources */ = {isa = PBXBuildFile; fileRef = F3F994962885CA28001D2D59 /* PieChart.swift */; };
		F3F994992885CAA4001D2D59 /* ChallengeData.swift in Sources */ = {isa = PBXBuildFile; fileRef = F3F994982885CAA4001D2D59 /* ChallengeData.swift */; };
/* End PBXBuildFile section */

/* Begin PBXBuildRule section */
		09B307AD2887EE9800976C40 /* PBXBuildRule */ = {
			isa = PBXBuildRule;
			compilerSpec = com.apple.compilers.proxy.script;
			fileType = pattern.proxy;
			inputFiles = (
			);
			isEditable = 1;
			outputFiles = (
			);
			script = "# Type a script or drag a script file from your workspace to insert its path.\n";
		};
/* End PBXBuildRule section */

/* Begin PBXContainerItemProxy section */
		7AA5913828800E990027CB76 /* PBXContainerItemProxy */ = {
			isa = PBXContainerItemProxy;
			containerPortal = 7AA5911F28800E980027CB76 /* Project object */;
			proxyType = 1;
			remoteGlobalIDString = 7AA5912628800E980027CB76;
			remoteInfo = DailyChallange;
		};
		7AA5914228800E9A0027CB76 /* PBXContainerItemProxy */ = {
			isa = PBXContainerItemProxy;
			containerPortal = 7AA5911F28800E980027CB76 /* Project object */;
			proxyType = 1;
			remoteGlobalIDString = 7AA5912628800E980027CB76;
			remoteInfo = DailyChallange;
		};
		F30292CC288940F10082817D /* PBXContainerItemProxy */ = {
			isa = PBXContainerItemProxy;
			containerPortal = F30292C7288940F10082817D /* Charts.xcodeproj */;
			proxyType = 2;
			remoteGlobalIDString = 65AD9E95D9ED4DC0BD73A743;
			remoteInfo = Charts;
		};
		F30292CE288940F10082817D /* PBXContainerItemProxy */ = {
			isa = PBXContainerItemProxy;
			containerPortal = F30292C7288940F10082817D /* Charts.xcodeproj */;
			proxyType = 2;
			remoteGlobalIDString = 1CBBC58C6CE1EBEE9852CE41;
			remoteInfo = ChartsTests;
		};
/* End PBXContainerItemProxy section */

/* Begin PBXCopyFilesBuildPhase section */
		F3F994952885C9DC001D2D59 /* Embed Frameworks */ = {
			isa = PBXCopyFilesBuildPhase;
			buildActionMask = 2147483647;
			dstPath = "";
			dstSubfolderSpec = 10;
			files = (
				F30292D1288941050082817D /* Charts.framework in Embed Frameworks */,
			);
			name = "Embed Frameworks";
			runOnlyForDeploymentPostprocessing = 0;
		};
/* End PBXCopyFilesBuildPhase section */

/* Begin PBXFileReference section */
		09ABF4642885F76900462F9E /* GoogleService-Info.plist */ = {isa = PBXFileReference; fileEncoding = 4; lastKnownFileType = text.plist.xml; path = "GoogleService-Info.plist"; sourceTree = "<group>"; };
		09ABF4662885F85F00462F9E /* Utility.swift */ = {isa = PBXFileReference; lastKnownFileType = sourcecode.swift; path = Utility.swift; sourceTree = "<group>"; };
		09ABF4682885FC7000462F9E /* DataManager.swift */ = {isa = PBXFileReference; lastKnownFileType = sourcecode.swift; path = DataManager.swift; sourceTree = "<group>"; };
		09B307B62887F4CF00976C40 /* CardStore.swift */ = {isa = PBXFileReference; lastKnownFileType = sourcecode.swift; path = CardStore.swift; sourceTree = "<group>"; };
		09B307B82887F4DF00976C40 /* Card.swift */ = {isa = PBXFileReference; lastKnownFileType = sourcecode.swift; path = Card.swift; sourceTree = "<group>"; };
		09B307BA2887F56100976C40 /* ContentView.swift */ = {isa = PBXFileReference; fileEncoding = 4; lastKnownFileType = sourcecode.swift; path = ContentView.swift; sourceTree = "<group>"; };
		09B307BC2888032700976C40 /* DailyChallange.entitlements */ = {isa = PBXFileReference; lastKnownFileType = text.plist.entitlements; path = DailyChallange.entitlements; sourceTree = "<group>"; };
		09B307BD2888032700976C40 /* HealthKit.framework */ = {isa = PBXFileReference; lastKnownFileType = wrapper.framework; name = HealthKit.framework; path = System/Library/Frameworks/HealthKit.framework; sourceTree = SDKROOT; };
		09B307C32888050700976C40 /* Step.swift */ = {isa = PBXFileReference; fileEncoding = 4; lastKnownFileType = sourcecode.swift; path = Step.swift; sourceTree = "<group>"; };
		09B307C52888055B00976C40 /* HealthStore.swift */ = {isa = PBXFileReference; fileEncoding = 4; lastKnownFileType = sourcecode.swift; path = HealthStore.swift; sourceTree = "<group>"; };
		09B307C7288807B500976C40 /* Info.plist */ = {isa = PBXFileReference; fileEncoding = 4; lastKnownFileType = text.plist.xml; path = Info.plist; sourceTree = "<group>"; };
		09C0C62D2886C5240054F23D /* User.swift */ = {isa = PBXFileReference; lastKnownFileType = sourcecode.swift; path = User.swift; sourceTree = "<group>"; };
		09CA2A6B2882D52A0074A9B5 /* SignUpView.swift */ = {isa = PBXFileReference; lastKnownFileType = sourcecode.swift; path = SignUpView.swift; sourceTree = "<group>"; };
		7AA5912728800E980027CB76 /* DailyChallange.app */ = {isa = PBXFileReference; explicitFileType = wrapper.application; includeInIndex = 0; path = DailyChallange.app; sourceTree = BUILT_PRODUCTS_DIR; };
		7AA5912A28800E980027CB76 /* DailyChallangeApp.swift */ = {isa = PBXFileReference; lastKnownFileType = sourcecode.swift; path = DailyChallangeApp.swift; sourceTree = "<group>"; };
		7AA5912E28800E990027CB76 /* Assets.xcassets */ = {isa = PBXFileReference; lastKnownFileType = folder.assetcatalog; path = Assets.xcassets; sourceTree = "<group>"; };
		7AA5913128800E990027CB76 /* Preview Assets.xcassets */ = {isa = PBXFileReference; lastKnownFileType = folder.assetcatalog; path = "Preview Assets.xcassets"; sourceTree = "<group>"; };
		7AA5913728800E990027CB76 /* DailyChallangeTests.xctest */ = {isa = PBXFileReference; explicitFileType = wrapper.cfbundle; includeInIndex = 0; path = DailyChallangeTests.xctest; sourceTree = BUILT_PRODUCTS_DIR; };
		7AA5913B28800E9A0027CB76 /* DailyChallangeTests.swift */ = {isa = PBXFileReference; lastKnownFileType = sourcecode.swift; path = DailyChallangeTests.swift; sourceTree = "<group>"; };
		7AA5914128800E9A0027CB76 /* DailyChallangeUITests.xctest */ = {isa = PBXFileReference; explicitFileType = wrapper.cfbundle; includeInIndex = 0; path = DailyChallangeUITests.xctest; sourceTree = BUILT_PRODUCTS_DIR; };
		7AA5914528800E9A0027CB76 /* DailyChallangeUITests.swift */ = {isa = PBXFileReference; lastKnownFileType = sourcecode.swift; path = DailyChallangeUITests.swift; sourceTree = "<group>"; };
		7AA5914728800E9A0027CB76 /* DailyChallangeUITestsLaunchTests.swift */ = {isa = PBXFileReference; lastKnownFileType = sourcecode.swift; path = DailyChallangeUITestsLaunchTests.swift; sourceTree = "<group>"; };
		F30292C7288940F10082817D /* Charts.xcodeproj */ = {isa = PBXFileReference; lastKnownFileType = "wrapper.pb-project"; name = Charts.xcodeproj; path = "../../../Downloads/Charts-master-4 2/Charts.xcodeproj"; sourceTree = "<group>"; };
		F32F29D428807D040036128F /* CardView.swift */ = {isa = PBXFileReference; lastKnownFileType = sourcecode.swift; path = CardView.swift; sourceTree = "<group>"; };
		F33BD1702881682F00BD207E /* CustomTabBar.swift */ = {isa = PBXFileReference; lastKnownFileType = sourcecode.swift; path = CustomTabBar.swift; sourceTree = "<group>"; };
		F38DD4F62881BC9500289C43 /* TabCurve.swift */ = {isa = PBXFileReference; lastKnownFileType = sourcecode.swift; path = TabCurve.swift; sourceTree = "<group>"; };
		F38DD4F82881E6BA00289C43 /* WelcomeView.swift */ = {isa = PBXFileReference; lastKnownFileType = sourcecode.swift; path = WelcomeView.swift; sourceTree = "<group>"; };
		F3982CF12885679800240987 /* StatsView.swift */ = {isa = PBXFileReference; lastKnownFileType = sourcecode.swift; path = StatsView.swift; sourceTree = "<group>"; };
		F3CD3ACA28830AB40037FF9E /* LoginView.swift */ = {isa = PBXFileReference; lastKnownFileType = sourcecode.swift; path = LoginView.swift; sourceTree = "<group>"; };
		F3F8CADE28847EB800A89DBC /* ProfileView.swift */ = {isa = PBXFileReference; lastKnownFileType = sourcecode.swift; path = ProfileView.swift; sourceTree = "<group>"; };
		F3F994962885CA28001D2D59 /* PieChart.swift */ = {isa = PBXFileReference; lastKnownFileType = sourcecode.swift; path = PieChart.swift; sourceTree = "<group>"; };
		F3F994982885CAA4001D2D59 /* ChallengeData.swift */ = {isa = PBXFileReference; lastKnownFileType = sourcecode.swift; path = ChallengeData.swift; sourceTree = "<group>"; };
/* End PBXFileReference section */

/* Begin PBXFrameworksBuildPhase section */
		7AA5912428800E980027CB76 /* Frameworks */ = {
			isa = PBXFrameworksBuildPhase;
			buildActionMask = 2147483647;
			files = (
				09ABF45E2885F4F400462F9E /* FirebaseDatabaseSwift in Frameworks */,
				09ABF45C2885F4F400462F9E /* FirebaseDatabase in Frameworks */,
				F30292D0288941050082817D /* Charts.framework in Frameworks */,
				09B307BE2888032700976C40 /* HealthKit.framework in Frameworks */,
				09ABF4602885F4F400462F9E /* FirebaseFirestore in Frameworks */,
				09ABF45A2885F4F400462F9E /* FirebaseAuth in Frameworks */,
			);
			runOnlyForDeploymentPostprocessing = 0;
		};
		7AA5913428800E990027CB76 /* Frameworks */ = {
			isa = PBXFrameworksBuildPhase;
			buildActionMask = 2147483647;
			files = (
			);
			runOnlyForDeploymentPostprocessing = 0;
		};
		7AA5913E28800E9A0027CB76 /* Frameworks */ = {
			isa = PBXFrameworksBuildPhase;
			buildActionMask = 2147483647;
			files = (
			);
			runOnlyForDeploymentPostprocessing = 0;
		};
/* End PBXFrameworksBuildPhase section */

/* Begin PBXGroup section */
		09B307BF288804CB00976C40 /* Model */ = {
			isa = PBXGroup;
			children = (
				09B307C32888050700976C40 /* Step.swift */,
			);
			path = Model;
			sourceTree = "<group>";
		};
		09B307C0288804E500976C40 /* iOS */ = {
			isa = PBXGroup;
			children = (
				09B307C7288807B500976C40 /* Info.plist */,
			);
			path = iOS;
			sourceTree = "<group>";
		};
		7AA5911E28800E980027CB76 = {
			isa = PBXGroup;
			children = (
				7AA5912928800E980027CB76 /* DailyChallange */,
				7AA5913A28800E990027CB76 /* DailyChallangeTests */,
				7AA5914428800E9A0027CB76 /* DailyChallangeUITests */,
				7AA5912828800E980027CB76 /* Products */,
				F3F994922885C9DC001D2D59 /* Frameworks */,
			);
			sourceTree = "<group>";
		};
		7AA5912828800E980027CB76 /* Products */ = {
			isa = PBXGroup;
			children = (
				7AA5912728800E980027CB76 /* DailyChallange.app */,
				7AA5913728800E990027CB76 /* DailyChallangeTests.xctest */,
				7AA5914128800E9A0027CB76 /* DailyChallangeUITests.xctest */,
			);
			name = Products;
			sourceTree = "<group>";
		};
		7AA5912928800E980027CB76 /* DailyChallange */ = {
			isa = PBXGroup;
			children = (
				09B307C52888055B00976C40 /* HealthStore.swift */,
				09B307C0288804E500976C40 /* iOS */,
				09B307BF288804CB00976C40 /* Model */,
				09B307BC2888032700976C40 /* DailyChallange.entitlements */,
				7AA5912A28800E980027CB76 /* DailyChallangeApp.swift */,
				09B307BA2887F56100976C40 /* ContentView.swift */,
				7AA5912E28800E990027CB76 /* Assets.xcassets */,
				09ABF4642885F76900462F9E /* GoogleService-Info.plist */,
				7AA5913028800E990027CB76 /* Preview Content */,
				F32F29D428807D040036128F /* CardView.swift */,
				09B307B82887F4DF00976C40 /* Card.swift */,
				09B307B62887F4CF00976C40 /* CardStore.swift */,
				F33BD1702881682F00BD207E /* CustomTabBar.swift */,
				F38DD4F62881BC9500289C43 /* TabCurve.swift */,
				F38DD4F82881E6BA00289C43 /* WelcomeView.swift */,
				09CA2A6B2882D52A0074A9B5 /* SignUpView.swift */,
				F3CD3ACA28830AB40037FF9E /* LoginView.swift */,
				F3F8CADE28847EB800A89DBC /* ProfileView.swift */,
				F30292C7288940F10082817D /* Charts.xcodeproj */,
				F3982CF12885679800240987 /* StatsView.swift */,
				F3F994962885CA28001D2D59 /* PieChart.swift */,
				F3F994982885CAA4001D2D59 /* ChallengeData.swift */,
				09ABF4662885F85F00462F9E /* Utility.swift */,
				09ABF4682885FC7000462F9E /* DataManager.swift */,
				09C0C62D2886C5240054F23D /* User.swift */,
			);
			path = DailyChallange;
			sourceTree = "<group>";
		};
		7AA5913028800E990027CB76 /* Preview Content */ = {
			isa = PBXGroup;
			children = (
				7AA5913128800E990027CB76 /* Preview Assets.xcassets */,
			);
			path = "Preview Content";
			sourceTree = "<group>";
		};
		7AA5913A28800E990027CB76 /* DailyChallangeTests */ = {
			isa = PBXGroup;
			children = (
				7AA5913B28800E9A0027CB76 /* DailyChallangeTests.swift */,
			);
			path = DailyChallangeTests;
			sourceTree = "<group>";
		};
		7AA5914428800E9A0027CB76 /* DailyChallangeUITests */ = {
			isa = PBXGroup;
			children = (
				7AA5914528800E9A0027CB76 /* DailyChallangeUITests.swift */,
				7AA5914728800E9A0027CB76 /* DailyChallangeUITestsLaunchTests.swift */,
			);
			path = DailyChallangeUITests;
			sourceTree = "<group>";
		};
		F30292C8288940F10082817D /* Products */ = {
			isa = PBXGroup;
			children = (
				F30292CD288940F10082817D /* Charts.framework */,
				F30292CF288940F10082817D /* ChartsTests.xctest */,
			);
			name = Products;
			sourceTree = "<group>";
		};
		F3F994922885C9DC001D2D59 /* Frameworks */ = {
			isa = PBXGroup;
			children = (
				09B307BD2888032700976C40 /* HealthKit.framework */,
			);
			name = Frameworks;
			sourceTree = "<group>";
		};
/* End PBXGroup section */

/* Begin PBXNativeTarget section */
		7AA5912628800E980027CB76 /* DailyChallange */ = {
			isa = PBXNativeTarget;
			buildConfigurationList = 7AA5914B28800E9A0027CB76 /* Build configuration list for PBXNativeTarget "DailyChallange" */;
			buildPhases = (
				7AA5912328800E980027CB76 /* Sources */,
				7AA5912428800E980027CB76 /* Frameworks */,
				7AA5912528800E980027CB76 /* Resources */,
				F3F994952885C9DC001D2D59 /* Embed Frameworks */,
			);
			buildRules = (
				09B307AD2887EE9800976C40 /* PBXBuildRule */,
			);
			dependencies = (
			);
			name = DailyChallange;
			packageProductDependencies = (
				09ABF4592885F4F400462F9E /* FirebaseAuth */,
				09ABF45B2885F4F400462F9E /* FirebaseDatabase */,
				09ABF45D2885F4F400462F9E /* FirebaseDatabaseSwift */,
				09ABF45F2885F4F400462F9E /* FirebaseFirestore */,
			);
			productName = DailyChallange;
			productReference = 7AA5912728800E980027CB76 /* DailyChallange.app */;
			productType = "com.apple.product-type.application";
		};
		7AA5913628800E990027CB76 /* DailyChallangeTests */ = {
			isa = PBXNativeTarget;
			buildConfigurationList = 7AA5914E28800E9A0027CB76 /* Build configuration list for PBXNativeTarget "DailyChallangeTests" */;
			buildPhases = (
				7AA5913328800E990027CB76 /* Sources */,
				7AA5913428800E990027CB76 /* Frameworks */,
				7AA5913528800E990027CB76 /* Resources */,
			);
			buildRules = (
			);
			dependencies = (
				7AA5913928800E990027CB76 /* PBXTargetDependency */,
			);
			name = DailyChallangeTests;
			productName = DailyChallangeTests;
			productReference = 7AA5913728800E990027CB76 /* DailyChallangeTests.xctest */;
			productType = "com.apple.product-type.bundle.unit-test";
		};
		7AA5914028800E9A0027CB76 /* DailyChallangeUITests */ = {
			isa = PBXNativeTarget;
			buildConfigurationList = 7AA5915128800E9A0027CB76 /* Build configuration list for PBXNativeTarget "DailyChallangeUITests" */;
			buildPhases = (
				7AA5913D28800E9A0027CB76 /* Sources */,
				7AA5913E28800E9A0027CB76 /* Frameworks */,
				7AA5913F28800E9A0027CB76 /* Resources */,
			);
			buildRules = (
			);
			dependencies = (
				7AA5914328800E9A0027CB76 /* PBXTargetDependency */,
			);
			name = DailyChallangeUITests;
			productName = DailyChallangeUITests;
			productReference = 7AA5914128800E9A0027CB76 /* DailyChallangeUITests.xctest */;
			productType = "com.apple.product-type.bundle.ui-testing";
		};
/* End PBXNativeTarget section */

/* Begin PBXProject section */
		7AA5911F28800E980027CB76 /* Project object */ = {
			isa = PBXProject;
			attributes = {
				BuildIndependentTargetsInParallel = 1;
				LastSwiftUpdateCheck = 1340;
				LastUpgradeCheck = 1340;
				TargetAttributes = {
					7AA5912628800E980027CB76 = {
						CreatedOnToolsVersion = 13.4.1;
					};
					7AA5913628800E990027CB76 = {
						CreatedOnToolsVersion = 13.4.1;
						TestTargetID = 7AA5912628800E980027CB76;
					};
					7AA5914028800E9A0027CB76 = {
						CreatedOnToolsVersion = 13.4.1;
						TestTargetID = 7AA5912628800E980027CB76;
					};
				};
			};
			buildConfigurationList = 7AA5912228800E980027CB76 /* Build configuration list for PBXProject "DailyChallange" */;
			compatibilityVersion = "Xcode 13.0";
			developmentRegion = en;
			hasScannedForEncodings = 0;
			knownRegions = (
				en,
				Base,
			);
			mainGroup = 7AA5911E28800E980027CB76;
			packageReferences = (
				09ABF4582885F4F400462F9E /* XCRemoteSwiftPackageReference "firebase-ios-sdk" */,
			);
			productRefGroup = 7AA5912828800E980027CB76 /* Products */;
			projectDirPath = "";
			projectReferences = (
				{
					ProductGroup = F30292C8288940F10082817D /* Products */;
					ProjectRef = F30292C7288940F10082817D /* Charts.xcodeproj */;
				},
			);
			projectRoot = "";
			targets = (
				7AA5912628800E980027CB76 /* DailyChallange */,
				7AA5913628800E990027CB76 /* DailyChallangeTests */,
				7AA5914028800E9A0027CB76 /* DailyChallangeUITests */,
			);
		};
/* End PBXProject section */

/* Begin PBXReferenceProxy section */
		F30292CD288940F10082817D /* Charts.framework */ = {
			isa = PBXReferenceProxy;
			fileType = wrapper.framework;
			path = Charts.framework;
			remoteRef = F30292CC288940F10082817D /* PBXContainerItemProxy */;
			sourceTree = BUILT_PRODUCTS_DIR;
		};
		F30292CF288940F10082817D /* ChartsTests.xctest */ = {
			isa = PBXReferenceProxy;
			fileType = wrapper.cfbundle;
			path = ChartsTests.xctest;
			remoteRef = F30292CE288940F10082817D /* PBXContainerItemProxy */;
			sourceTree = BUILT_PRODUCTS_DIR;
		};
/* End PBXReferenceProxy section */

/* Begin PBXResourcesBuildPhase section */
		7AA5912528800E980027CB76 /* Resources */ = {
			isa = PBXResourcesBuildPhase;
			buildActionMask = 2147483647;
			files = (
				7AA5913228800E990027CB76 /* Preview Assets.xcassets in Resources */,
				7AA5912F28800E990027CB76 /* Assets.xcassets in Resources */,
				09ABF4652885F76900462F9E /* GoogleService-Info.plist in Resources */,
			);
			runOnlyForDeploymentPostprocessing = 0;
		};
		7AA5913528800E990027CB76 /* Resources */ = {
			isa = PBXResourcesBuildPhase;
			buildActionMask = 2147483647;
			files = (
			);
			runOnlyForDeploymentPostprocessing = 0;
		};
		7AA5913F28800E9A0027CB76 /* Resources */ = {
			isa = PBXResourcesBuildPhase;
			buildActionMask = 2147483647;
			files = (
			);
			runOnlyForDeploymentPostprocessing = 0;
		};
/* End PBXResourcesBuildPhase section */

/* Begin PBXSourcesBuildPhase section */
		7AA5912328800E980027CB76 /* Sources */ = {
			isa = PBXSourcesBuildPhase;
			buildActionMask = 2147483647;
			files = (
				F3F994972885CA28001D2D59 /* PieChart.swift in Sources */,
				09B307B92887F4E000976C40 /* Card.swift in Sources */,
				09ABF4692885FC7000462F9E /* DataManager.swift in Sources */,
				F38DD4F72881BC9500289C43 /* TabCurve.swift in Sources */,
				09B307C62888055B00976C40 /* HealthStore.swift in Sources */,
				F33BD1712881682F00BD207E /* CustomTabBar.swift in Sources */,
				F32F29D528807D040036128F /* CardView.swift in Sources */,
				09ABF4672885F85F00462F9E /* Utility.swift in Sources */,
				7AA5912B28800E980027CB76 /* DailyChallangeApp.swift in Sources */,
				09CA2A6C2882D52A0074A9B5 /* SignUpView.swift in Sources */,
				09B307B72887F4CF00976C40 /* CardStore.swift in Sources */,
				F3CD3ACB28830AB40037FF9E /* LoginView.swift in Sources */,
				09B307C42888050700976C40 /* Step.swift in Sources */,
				F3982CF22885679800240987 /* StatsView.swift in Sources */,
				09C0C62E2886C5250054F23D /* User.swift in Sources */,
				09B307BB2887F56100976C40 /* ContentView.swift in Sources */,
				F3F994992885CAA4001D2D59 /* ChallengeData.swift in Sources */,
				F3F8CADF28847EB800A89DBC /* ProfileView.swift in Sources */,
				F38DD4F92881E6BA00289C43 /* WelcomeView.swift in Sources */,
			);
			runOnlyForDeploymentPostprocessing = 0;
		};
		7AA5913328800E990027CB76 /* Sources */ = {
			isa = PBXSourcesBuildPhase;
			buildActionMask = 2147483647;
			files = (
				7AA5913C28800E9A0027CB76 /* DailyChallangeTests.swift in Sources */,
			);
			runOnlyForDeploymentPostprocessing = 0;
		};
		7AA5913D28800E9A0027CB76 /* Sources */ = {
			isa = PBXSourcesBuildPhase;
			buildActionMask = 2147483647;
			files = (
				7AA5914828800E9A0027CB76 /* DailyChallangeUITestsLaunchTests.swift in Sources */,
				7AA5914628800E9A0027CB76 /* DailyChallangeUITests.swift in Sources */,
			);
			runOnlyForDeploymentPostprocessing = 0;
		};
/* End PBXSourcesBuildPhase section */

/* Begin PBXTargetDependency section */
		7AA5913928800E990027CB76 /* PBXTargetDependency */ = {
			isa = PBXTargetDependency;
			target = 7AA5912628800E980027CB76 /* DailyChallange */;
			targetProxy = 7AA5913828800E990027CB76 /* PBXContainerItemProxy */;
		};
		7AA5914328800E9A0027CB76 /* PBXTargetDependency */ = {
			isa = PBXTargetDependency;
			target = 7AA5912628800E980027CB76 /* DailyChallange */;
			targetProxy = 7AA5914228800E9A0027CB76 /* PBXContainerItemProxy */;
		};
/* End PBXTargetDependency section */

/* Begin XCBuildConfiguration section */
		7AA5914928800E9A0027CB76 /* Debug */ = {
			isa = XCBuildConfiguration;
			buildSettings = {
				ALWAYS_SEARCH_USER_PATHS = NO;
				CLANG_ANALYZER_NONNULL = YES;
				CLANG_ANALYZER_NUMBER_OBJECT_CONVERSION = YES_AGGRESSIVE;
				CLANG_CXX_LANGUAGE_STANDARD = "gnu++17";
				CLANG_ENABLE_MODULES = YES;
				CLANG_ENABLE_OBJC_ARC = YES;
				CLANG_ENABLE_OBJC_WEAK = YES;
				CLANG_WARN_BLOCK_CAPTURE_AUTORELEASING = YES;
				CLANG_WARN_BOOL_CONVERSION = YES;
				CLANG_WARN_COMMA = YES;
				CLANG_WARN_CONSTANT_CONVERSION = YES;
				CLANG_WARN_DEPRECATED_OBJC_IMPLEMENTATIONS = YES;
				CLANG_WARN_DIRECT_OBJC_ISA_USAGE = YES_ERROR;
				CLANG_WARN_DOCUMENTATION_COMMENTS = YES;
				CLANG_WARN_EMPTY_BODY = YES;
				CLANG_WARN_ENUM_CONVERSION = YES;
				CLANG_WARN_INFINITE_RECURSION = YES;
				CLANG_WARN_INT_CONVERSION = YES;
				CLANG_WARN_NON_LITERAL_NULL_CONVERSION = YES;
				CLANG_WARN_OBJC_IMPLICIT_RETAIN_SELF = YES;
				CLANG_WARN_OBJC_LITERAL_CONVERSION = YES;
				CLANG_WARN_OBJC_ROOT_CLASS = YES_ERROR;
				CLANG_WARN_QUOTED_INCLUDE_IN_FRAMEWORK_HEADER = YES;
				CLANG_WARN_RANGE_LOOP_ANALYSIS = YES;
				CLANG_WARN_STRICT_PROTOTYPES = YES;
				CLANG_WARN_SUSPICIOUS_MOVE = YES;
				CLANG_WARN_UNGUARDED_AVAILABILITY = YES_AGGRESSIVE;
				CLANG_WARN_UNREACHABLE_CODE = YES;
				CLANG_WARN__DUPLICATE_METHOD_MATCH = YES;
				COPY_PHASE_STRIP = NO;
				DEBUG_INFORMATION_FORMAT = dwarf;
				ENABLE_STRICT_OBJC_MSGSEND = YES;
				ENABLE_TESTABILITY = YES;
				GCC_C_LANGUAGE_STANDARD = gnu11;
				GCC_DYNAMIC_NO_PIC = NO;
				GCC_NO_COMMON_BLOCKS = YES;
				GCC_OPTIMIZATION_LEVEL = 0;
				GCC_PREPROCESSOR_DEFINITIONS = (
					"DEBUG=1",
					"$(inherited)",
				);
				GCC_WARN_64_TO_32_BIT_CONVERSION = YES;
				GCC_WARN_ABOUT_RETURN_TYPE = YES_ERROR;
				GCC_WARN_UNDECLARED_SELECTOR = YES;
				GCC_WARN_UNINITIALIZED_AUTOS = YES_AGGRESSIVE;
				GCC_WARN_UNUSED_FUNCTION = YES;
				GCC_WARN_UNUSED_VARIABLE = YES;
				IPHONEOS_DEPLOYMENT_TARGET = 15.5;
				MTL_ENABLE_DEBUG_INFO = INCLUDE_SOURCE;
				MTL_FAST_MATH = YES;
				ONLY_ACTIVE_ARCH = YES;
				SDKROOT = iphoneos;
				SWIFT_ACTIVE_COMPILATION_CONDITIONS = DEBUG;
				SWIFT_OPTIMIZATION_LEVEL = "-Onone";
			};
			name = Debug;
		};
		7AA5914A28800E9A0027CB76 /* Release */ = {
			isa = XCBuildConfiguration;
			buildSettings = {
				ALWAYS_SEARCH_USER_PATHS = NO;
				CLANG_ANALYZER_NONNULL = YES;
				CLANG_ANALYZER_NUMBER_OBJECT_CONVERSION = YES_AGGRESSIVE;
				CLANG_CXX_LANGUAGE_STANDARD = "gnu++17";
				CLANG_ENABLE_MODULES = YES;
				CLANG_ENABLE_OBJC_ARC = YES;
				CLANG_ENABLE_OBJC_WEAK = YES;
				CLANG_WARN_BLOCK_CAPTURE_AUTORELEASING = YES;
				CLANG_WARN_BOOL_CONVERSION = YES;
				CLANG_WARN_COMMA = YES;
				CLANG_WARN_CONSTANT_CONVERSION = YES;
				CLANG_WARN_DEPRECATED_OBJC_IMPLEMENTATIONS = YES;
				CLANG_WARN_DIRECT_OBJC_ISA_USAGE = YES_ERROR;
				CLANG_WARN_DOCUMENTATION_COMMENTS = YES;
				CLANG_WARN_EMPTY_BODY = YES;
				CLANG_WARN_ENUM_CONVERSION = YES;
				CLANG_WARN_INFINITE_RECURSION = YES;
				CLANG_WARN_INT_CONVERSION = YES;
				CLANG_WARN_NON_LITERAL_NULL_CONVERSION = YES;
				CLANG_WARN_OBJC_IMPLICIT_RETAIN_SELF = YES;
				CLANG_WARN_OBJC_LITERAL_CONVERSION = YES;
				CLANG_WARN_OBJC_ROOT_CLASS = YES_ERROR;
				CLANG_WARN_QUOTED_INCLUDE_IN_FRAMEWORK_HEADER = YES;
				CLANG_WARN_RANGE_LOOP_ANALYSIS = YES;
				CLANG_WARN_STRICT_PROTOTYPES = YES;
				CLANG_WARN_SUSPICIOUS_MOVE = YES;
				CLANG_WARN_UNGUARDED_AVAILABILITY = YES_AGGRESSIVE;
				CLANG_WARN_UNREACHABLE_CODE = YES;
				CLANG_WARN__DUPLICATE_METHOD_MATCH = YES;
				COPY_PHASE_STRIP = NO;
				DEBUG_INFORMATION_FORMAT = "dwarf-with-dsym";
				ENABLE_NS_ASSERTIONS = NO;
				ENABLE_STRICT_OBJC_MSGSEND = YES;
				GCC_C_LANGUAGE_STANDARD = gnu11;
				GCC_NO_COMMON_BLOCKS = YES;
				GCC_WARN_64_TO_32_BIT_CONVERSION = YES;
				GCC_WARN_ABOUT_RETURN_TYPE = YES_ERROR;
				GCC_WARN_UNDECLARED_SELECTOR = YES;
				GCC_WARN_UNINITIALIZED_AUTOS = YES_AGGRESSIVE;
				GCC_WARN_UNUSED_FUNCTION = YES;
				GCC_WARN_UNUSED_VARIABLE = YES;
				IPHONEOS_DEPLOYMENT_TARGET = 15.5;
				MTL_ENABLE_DEBUG_INFO = NO;
				MTL_FAST_MATH = YES;
				SDKROOT = iphoneos;
				SWIFT_COMPILATION_MODE = wholemodule;
				SWIFT_OPTIMIZATION_LEVEL = "-O";
				VALIDATE_PRODUCT = YES;
			};
			name = Release;
		};
		7AA5914C28800E9A0027CB76 /* Debug */ = {
			isa = XCBuildConfiguration;
			buildSettings = {
				ASSETCATALOG_COMPILER_APPICON_NAME = AppIcon;
				ASSETCATALOG_COMPILER_GLOBAL_ACCENT_COLOR_NAME = AccentColor;
				CODE_SIGN_ALLOW_ENTITLEMENTS_MODIFICATION = YES;
				CODE_SIGN_ENTITLEMENTS = DailyChallange/DailyChallange.entitlements;
				CODE_SIGN_STYLE = Automatic;
				CURRENT_PROJECT_VERSION = 1;
				DEVELOPMENT_ASSET_PATHS = "\"DailyChallange/Preview Content\"";
				DEVELOPMENT_TEAM = NAZZYW6QSQ;
				ENABLE_PREVIEWS = YES;
				GENERATE_INFOPLIST_FILE = NO;
				INFOPLIST_FILE = DailyChallange/iOS/Info.plist;
				INFOPLIST_KEY_UIApplicationSceneManifest_Generation = YES;
				INFOPLIST_KEY_UIApplicationSupportsIndirectInputEvents = YES;
				INFOPLIST_KEY_UILaunchScreen_Generation = YES;
				INFOPLIST_KEY_UISupportedInterfaceOrientations_iPad = "UIInterfaceOrientationPortrait UIInterfaceOrientationPortraitUpsideDown UIInterfaceOrientationLandscapeLeft UIInterfaceOrientationLandscapeRight";
				INFOPLIST_KEY_UISupportedInterfaceOrientations_iPhone = "UIInterfaceOrientationPortrait UIInterfaceOrientationLandscapeLeft UIInterfaceOrientationLandscapeRight";
				LD_RUNPATH_SEARCH_PATHS = (
					"$(inherited)",
					"@executable_path/Frameworks",
				);
				MARKETING_VERSION = 1.0;
				PRODUCT_BUNDLE_IDENTIFIER = it.unisa.applefoundationprogram.group4.DailyyChallenge13.2;
				PRODUCT_NAME = "$(TARGET_NAME)";
				SWIFT_EMIT_LOC_STRINGS = YES;
				SWIFT_VERSION = 5.0;
				TARGETED_DEVICE_FAMILY = "1,2";
			};
			name = Debug;
		};
		7AA5914D28800E9A0027CB76 /* Release */ = {
			isa = XCBuildConfiguration;
			buildSettings = {
				ASSETCATALOG_COMPILER_APPICON_NAME = AppIcon;
				ASSETCATALOG_COMPILER_GLOBAL_ACCENT_COLOR_NAME = AccentColor;
				CODE_SIGN_ALLOW_ENTITLEMENTS_MODIFICATION = YES;
				CODE_SIGN_ENTITLEMENTS = DailyChallange/DailyChallange.entitlements;
				CODE_SIGN_STYLE = Automatic;
				CURRENT_PROJECT_VERSION = 1;
				DEVELOPMENT_ASSET_PATHS = "\"DailyChallange/Preview Content\"";
				DEVELOPMENT_TEAM = NAZZYW6QSQ;
				ENABLE_PREVIEWS = YES;
				GENERATE_INFOPLIST_FILE = NO;
				INFOPLIST_FILE = DailyChallange/iOS/Info.plist;
				INFOPLIST_KEY_UIApplicationSceneManifest_Generation = YES;
				INFOPLIST_KEY_UIApplicationSupportsIndirectInputEvents = YES;
				INFOPLIST_KEY_UILaunchScreen_Generation = YES;
				INFOPLIST_KEY_UISupportedInterfaceOrientations_iPad = "UIInterfaceOrientationPortrait UIInterfaceOrientationPortraitUpsideDown UIInterfaceOrientationLandscapeLeft UIInterfaceOrientationLandscapeRight";
				INFOPLIST_KEY_UISupportedInterfaceOrientations_iPhone = "UIInterfaceOrientationPortrait UIInterfaceOrientationLandscapeLeft UIInterfaceOrientationLandscapeRight";
				LD_RUNPATH_SEARCH_PATHS = (
					"$(inherited)",
					"@executable_path/Frameworks",
				);
				MARKETING_VERSION = 1.0;
				PRODUCT_BUNDLE_IDENTIFIER = it.unisa.applefoundationprogram.group4.DailyyChallenge13.2;
				PRODUCT_NAME = "$(TARGET_NAME)";
				SWIFT_EMIT_LOC_STRINGS = YES;
				SWIFT_VERSION = 5.0;
				TARGETED_DEVICE_FAMILY = "1,2";
			};
			name = Release;
		};
		7AA5914F28800E9A0027CB76 /* Debug */ = {
			isa = XCBuildConfiguration;
			buildSettings = {
				ALWAYS_EMBED_SWIFT_STANDARD_LIBRARIES = YES;
				BUNDLE_LOADER = "$(TEST_HOST)";
				CODE_SIGN_STYLE = Automatic;
				CURRENT_PROJECT_VERSION = 1;
				DEVELOPMENT_TEAM = JY2S6M6YP3;
				GENERATE_INFOPLIST_FILE = YES;
				IPHONEOS_DEPLOYMENT_TARGET = 15.5;
				MARKETING_VERSION = 1.0;
				PRODUCT_BUNDLE_IDENTIFIER = it.unisa.applefoundationprogram.group4.DailyChallangeTests;
				PRODUCT_NAME = "$(TARGET_NAME)";
				SWIFT_EMIT_LOC_STRINGS = NO;
				SWIFT_VERSION = 5.0;
				TARGETED_DEVICE_FAMILY = "1,2";
				TEST_HOST = "$(BUILT_PRODUCTS_DIR)/DailyChallange.app/DailyChallange";
			};
			name = Debug;
		};
		7AA5915028800E9A0027CB76 /* Release */ = {
			isa = XCBuildConfiguration;
			buildSettings = {
				ALWAYS_EMBED_SWIFT_STANDARD_LIBRARIES = YES;
				BUNDLE_LOADER = "$(TEST_HOST)";
				CODE_SIGN_STYLE = Automatic;
				CURRENT_PROJECT_VERSION = 1;
				DEVELOPMENT_TEAM = JY2S6M6YP3;
				GENERATE_INFOPLIST_FILE = YES;
				IPHONEOS_DEPLOYMENT_TARGET = 15.5;
				MARKETING_VERSION = 1.0;
				PRODUCT_BUNDLE_IDENTIFIER = it.unisa.applefoundationprogram.group4.DailyChallangeTests;
				PRODUCT_NAME = "$(TARGET_NAME)";
				SWIFT_EMIT_LOC_STRINGS = NO;
				SWIFT_VERSION = 5.0;
				TARGETED_DEVICE_FAMILY = "1,2";
				TEST_HOST = "$(BUILT_PRODUCTS_DIR)/DailyChallange.app/DailyChallange";
			};
			name = Release;
		};
		7AA5915228800E9A0027CB76 /* Debug */ = {
			isa = XCBuildConfiguration;
			buildSettings = {
				ALWAYS_EMBED_SWIFT_STANDARD_LIBRARIES = YES;
				CODE_SIGN_STYLE = Automatic;
				CURRENT_PROJECT_VERSION = 1;
				DEVELOPMENT_TEAM = JY2S6M6YP3;
				GENERATE_INFOPLIST_FILE = YES;
				MARKETING_VERSION = 1.0;
				PRODUCT_BUNDLE_IDENTIFIER = it.unisa.applefoundationprogram.group4.DailyChallangeUITests;
				PRODUCT_NAME = "$(TARGET_NAME)";
				SWIFT_EMIT_LOC_STRINGS = NO;
				SWIFT_VERSION = 5.0;
				TARGETED_DEVICE_FAMILY = "1,2";
				TEST_TARGET_NAME = DailyChallange;
			};
			name = Debug;
		};
		7AA5915328800E9A0027CB76 /* Release */ = {
			isa = XCBuildConfiguration;
			buildSettings = {
				ALWAYS_EMBED_SWIFT_STANDARD_LIBRARIES = YES;
				CODE_SIGN_STYLE = Automatic;
				CURRENT_PROJECT_VERSION = 1;
				DEVELOPMENT_TEAM = JY2S6M6YP3;
				GENERATE_INFOPLIST_FILE = YES;
				MARKETING_VERSION = 1.0;
				PRODUCT_BUNDLE_IDENTIFIER = it.unisa.applefoundationprogram.group4.DailyChallangeUITests;
				PRODUCT_NAME = "$(TARGET_NAME)";
				SWIFT_EMIT_LOC_STRINGS = NO;
				SWIFT_VERSION = 5.0;
				TARGETED_DEVICE_FAMILY = "1,2";
				TEST_TARGET_NAME = DailyChallange;
			};
			name = Release;
		};
/* End XCBuildConfiguration section */

/* Begin XCConfigurationList section */
		7AA5912228800E980027CB76 /* Build configuration list for PBXProject "DailyChallange" */ = {
			isa = XCConfigurationList;
			buildConfigurations = (
				7AA5914928800E9A0027CB76 /* Debug */,
				7AA5914A28800E9A0027CB76 /* Release */,
			);
			defaultConfigurationIsVisible = 0;
			defaultConfigurationName = Release;
		};
		7AA5914B28800E9A0027CB76 /* Build configuration list for PBXNativeTarget "DailyChallange" */ = {
			isa = XCConfigurationList;
			buildConfigurations = (
				7AA5914C28800E9A0027CB76 /* Debug */,
				7AA5914D28800E9A0027CB76 /* Release */,
			);
			defaultConfigurationIsVisible = 0;
			defaultConfigurationName = Release;
		};
		7AA5914E28800E9A0027CB76 /* Build configuration list for PBXNativeTarget "DailyChallangeTests" */ = {
			isa = XCConfigurationList;
			buildConfigurations = (
				7AA5914F28800E9A0027CB76 /* Debug */,
				7AA5915028800E9A0027CB76 /* Release */,
			);
			defaultConfigurationIsVisible = 0;
			defaultConfigurationName = Release;
		};
		7AA5915128800E9A0027CB76 /* Build configuration list for PBXNativeTarget "DailyChallangeUITests" */ = {
			isa = XCConfigurationList;
			buildConfigurations = (
				7AA5915228800E9A0027CB76 /* Debug */,
				7AA5915328800E9A0027CB76 /* Release */,
			);
			defaultConfigurationIsVisible = 0;
			defaultConfigurationName = Release;
		};
/* End XCConfigurationList section */

/* Begin XCRemoteSwiftPackageReference section */
		09ABF4582885F4F400462F9E /* XCRemoteSwiftPackageReference "firebase-ios-sdk" */ = {
			isa = XCRemoteSwiftPackageReference;
			repositoryURL = "https://github.com/firebase/firebase-ios-sdk.git";
			requirement = {
				kind = upToNextMajorVersion;
				minimumVersion = 9.0.0;
			};
		};
/* End XCRemoteSwiftPackageReference section */

/* Begin XCSwiftPackageProductDependency section */
		09ABF4592885F4F400462F9E /* FirebaseAuth */ = {
			isa = XCSwiftPackageProductDependency;
			package = 09ABF4582885F4F400462F9E /* XCRemoteSwiftPackageReference "firebase-ios-sdk" */;
			productName = FirebaseAuth;
		};
		09ABF45B2885F4F400462F9E /* FirebaseDatabase */ = {
			isa = XCSwiftPackageProductDependency;
			package = 09ABF4582885F4F400462F9E /* XCRemoteSwiftPackageReference "firebase-ios-sdk" */;
			productName = FirebaseDatabase;
		};
		09ABF45D2885F4F400462F9E /* FirebaseDatabaseSwift */ = {
			isa = XCSwiftPackageProductDependency;
			package = 09ABF4582885F4F400462F9E /* XCRemoteSwiftPackageReference "firebase-ios-sdk" */;
			productName = FirebaseDatabaseSwift;
		};
		09ABF45F2885F4F400462F9E /* FirebaseFirestore */ = {
			isa = XCSwiftPackageProductDependency;
			package = 09ABF4582885F4F400462F9E /* XCRemoteSwiftPackageReference "firebase-ios-sdk" */;
			productName = FirebaseFirestore;
		};
/* End XCSwiftPackageProductDependency section */
	};
	rootObject = 7AA5911F28800E980027CB76 /* Project object */;
}
